
Microsoft Visual Studio Solution File, Format Version 12.00
# Visual Studio Version 17
VisualStudioVersion = 17.1.32210.238
MinimumVisualStudioVersion = 10.0.40219.1
Project("{9A19103F-16F7-4668-BE54-9A1E7A4F7556}") = "SmartBatteryTesterDesktopApp.UI", "SmartBatteryTesterDesktopApp.UI\SmartBatteryTesterDesktopApp.UI.csproj", "{6CB9C645-C40E-4DDA-8BA3-51F47A9110A7}"
EndProject
Project("{9A19103F-16F7-4668-BE54-9A1E7A4F7556}") = "SmartBatteryTesterDesktopApp.BL", "SmartBatteryTesterDesktopApp.BL\SmartBatteryTesterDesktopApp.BL.csproj", "{8CD1FDB4-D6AD-4893-9B29-CAAEABC6B2B6}"
EndProject
Project("{9A19103F-16F7-4668-BE54-9A1E7A4F7556}") = "SmartBatteryTesterDesktopApp.BL.Tests", "SmartBatteryTesterDesktopApp.BL.Tests\SmartBatteryTesterDesktopApp.BL.Tests.csproj", "{5C20D87D-CECC-47D6-A674-4105D7BAFE51}"
EndProject
Project("{FAE04EC0-301F-11D3-BF4B-00C04F79EFBC}") = "SmartBatteryTesterDesktopApp.USART", "SmartBatteryTesterDesktopApp.USART\SmartBatteryTesterDesktopApp.USART.csproj", "{2426FF6D-7472-4728-86D3-90940C4DCE85}"
EndProject
Project("{FAE04EC0-301F-11D3-BF4B-00C04F79EFBC}") = "SmartBatteryTesterDesktopApp.USART.Tests", "SmartBatteryTesterDesktopApp.USART.Tests\SmartBatteryTesterDesktopApp.USART.Tests.csproj", "{96499029-3E8E-4140-8481-170D5829BE9C}"
EndProject
Global
	GlobalSection(SolutionConfigurationPlatforms) = preSolution
		Debug|Any CPU = Debug|Any CPU
		Release|Any CPU = Release|Any CPU
	EndGlobalSection
	GlobalSection(ProjectConfigurationPlatforms) = postSolution
		{6CB9C645-C40E-4DDA-8BA3-51F47A9110A7}.Debug|Any CPU.ActiveCfg = Debug|Any CPU
		{6CB9C645-C40E-4DDA-8BA3-51F47A9110A7}.Debug|Any CPU.Build.0 = Debug|Any CPU
		{6CB9C645-C40E-4DDA-8BA3-51F47A9110A7}.Release|Any CPU.ActiveCfg = Release|Any CPU
		{6CB9C645-C40E-4DDA-8BA3-51F47A9110A7}.Release|Any CPU.Build.0 = Release|Any CPU
		{8CD1FDB4-D6AD-4893-9B29-CAAEABC6B2B6}.Debug|Any CPU.ActiveCfg = Debug|Any CPU
		{8CD1FDB4-D6AD-4893-9B29-CAAEABC6B2B6}.Debug|Any CPU.Build.0 = Debug|Any CPU
		{8CD1FDB4-D6AD-4893-9B29-CAAEABC6B2B6}.Release|Any CPU.ActiveCfg = Release|Any CPU
		{8CD1FDB4-D6AD-4893-9B29-CAAEABC6B2B6}.Release|Any CPU.Build.0 = Release|Any CPU
		{5C20D87D-CECC-47D6-A674-4105D7BAFE51}.Debug|Any CPU.ActiveCfg = Debug|Any CPU
		{5C20D87D-CECC-47D6-A674-4105D7BAFE51}.Debug|Any CPU.Build.0 = Debug|Any CPU
		{5C20D87D-CECC-47D6-A674-4105D7BAFE51}.Release|Any CPU.ActiveCfg = Release|Any CPU
		{5C20D87D-CECC-47D6-A674-4105D7BAFE51}.Release|Any CPU.Build.0 = Release|Any CPU
		{2426FF6D-7472-4728-86D3-90940C4DCE85}.Debug|Any CPU.ActiveCfg = Debug|Any CPU
		{2426FF6D-7472-4728-86D3-90940C4DCE85}.Debug|Any CPU.Build.0 = Debug|Any CPU
		{2426FF6D-7472-4728-86D3-90940C4DCE85}.Release|Any CPU.ActiveCfg = Release|Any CPU
		{2426FF6D-7472-4728-86D3-90940C4DCE85}.Release|Any CPU.Build.0 = Release|Any CPU
		{96499029-3E8E-4140-8481-170D5829BE9C}.Debug|Any CPU.ActiveCfg = Debug|Any CPU
		{96499029-3E8E-4140-8481-170D5829BE9C}.Debug|Any CPU.Build.0 = Debug|Any CPU
		{96499029-3E8E-4140-8481-170D5829BE9C}.Release|Any CPU.ActiveCfg = Release|Any CPU
		{96499029-3E8E-4140-8481-170D5829BE9C}.Release|Any CPU.Build.0 = Release|Any CPU
	EndGlobalSection
	GlobalSection(SolutionProperties) = preSolution
		HideSolutionNode = FALSE
	EndGlobalSection
	GlobalSection(ExtensibilityGlobals) = postSolution
		SolutionGuid = {C8FB8628-348E-4AC5-AACD-E48EFC18E98D}
	EndGlobalSection
EndGlobal
