
Microsoft Visual Studio Solution File, Format Version 12.00
# Visual Studio Version 17
VisualStudioVersion = 17.1.32210.238
MinimumVisualStudioVersion = 10.0.40219.1
Project("{9A19103F-16F7-4668-BE54-9A1E7A4F7556}") = "SmartBatteryTesterWebApp.UI", "SmartBatteryTesterWebApp.UI\SmartBatteryTesterWebApp.UI.csproj", "{CB370AB9-9E1C-4C5E-92D8-8CF6D69347B9}"
EndProject
Project("{9A19103F-16F7-4668-BE54-9A1E7A4F7556}") = "SmartBatteryTesterWebApp.DAL", "SmartBatteryTesterWebApp.DAL\SmartBatteryTesterWebApp.DAL.csproj", "{45CCF4B0-41A2-4F92-A12C-9DDBAC66DD7B}"
EndProject
Project("{9A19103F-16F7-4668-BE54-9A1E7A4F7556}") = "SmartBatteryTesterWebApp.BLL", "SmartBatteryTesterWebApp.BLL\SmartBatteryTesterWebApp.BLL.csproj", "{16574172-BFB3-4151-9F5A-589DC736020A}"
EndProject
Project("{FAE04EC0-301F-11D3-BF4B-00C04F79EFBC}") = "SmartBatteryTesterWebApp.API", "SmartBatteryTesterWebApp.API\SmartBatteryTesterWebApp.API.csproj", "{DE14F476-F469-436F-A9DD-CA5C1081F370}"
EndProject
Global
	GlobalSection(SolutionConfigurationPlatforms) = preSolution
		Debug|Any CPU = Debug|Any CPU
		Release|Any CPU = Release|Any CPU
	EndGlobalSection
	GlobalSection(ProjectConfigurationPlatforms) = postSolution
		{CB370AB9-9E1C-4C5E-92D8-8CF6D69347B9}.Debug|Any CPU.ActiveCfg = Debug|Any CPU
		{CB370AB9-9E1C-4C5E-92D8-8CF6D69347B9}.Debug|Any CPU.Build.0 = Debug|Any CPU
		{CB370AB9-9E1C-4C5E-92D8-8CF6D69347B9}.Release|Any CPU.ActiveCfg = Release|Any CPU
		{CB370AB9-9E1C-4C5E-92D8-8CF6D69347B9}.Release|Any CPU.Build.0 = Release|Any CPU
		{45CCF4B0-41A2-4F92-A12C-9DDBAC66DD7B}.Debug|Any CPU.ActiveCfg = Debug|Any CPU
		{45CCF4B0-41A2-4F92-A12C-9DDBAC66DD7B}.Debug|Any CPU.Build.0 = Debug|Any CPU
		{45CCF4B0-41A2-4F92-A12C-9DDBAC66DD7B}.Release|Any CPU.ActiveCfg = Release|Any CPU
		{45CCF4B0-41A2-4F92-A12C-9DDBAC66DD7B}.Release|Any CPU.Build.0 = Release|Any CPU
		{16574172-BFB3-4151-9F5A-589DC736020A}.Debug|Any CPU.ActiveCfg = Debug|Any CPU
		{16574172-BFB3-4151-9F5A-589DC736020A}.Debug|Any CPU.Build.0 = Debug|Any CPU
		{16574172-BFB3-4151-9F5A-589DC736020A}.Release|Any CPU.ActiveCfg = Release|Any CPU
		{16574172-BFB3-4151-9F5A-589DC736020A}.Release|Any CPU.Build.0 = Release|Any CPU
		{DE14F476-F469-436F-A9DD-CA5C1081F370}.Debug|Any CPU.ActiveCfg = Debug|Any CPU
		{DE14F476-F469-436F-A9DD-CA5C1081F370}.Debug|Any CPU.Build.0 = Debug|Any CPU
		{DE14F476-F469-436F-A9DD-CA5C1081F370}.Release|Any CPU.ActiveCfg = Release|Any CPU
		{DE14F476-F469-436F-A9DD-CA5C1081F370}.Release|Any CPU.Build.0 = Release|Any CPU
	EndGlobalSection
	GlobalSection(SolutionProperties) = preSolution
		HideSolutionNode = FALSE
	EndGlobalSection
	GlobalSection(ExtensibilityGlobals) = postSolution
		SolutionGuid = {E6C82785-B3F1-4EB8-9380-A7BF30F11DBC}
	EndGlobalSection
EndGlobal
